
Microsoft Visual Studio Solution File, Format Version 12.00
# Visual Studio Version 17
VisualStudioVersion = 17.13.35806.99 d17.13
MinimumVisualStudioVersion = 10.0.40219.1
Project("{FAE04EC0-301F-11D3-BF4B-00C04F79EFBC}") = "Task-1", "Task-1\Task-1.csproj", "{3D316460-2E91-4A4C-B0B9-AD6384BD4060}"
EndProject
Project("{FAE04EC0-301F-11D3-BF4B-00C04F79EFBC}") = "Task-2", "Task-2\Task-2.csproj", "{8185212A-B915-4BF3-8944-AC714FF3F456}"
EndProject
Global
	GlobalSection(SolutionConfigurationPlatforms) = preSolution
		Debug|Any CPU = Debug|Any CPU
		Release|Any CPU = Release|Any CPU
	EndGlobalSection
	GlobalSection(ProjectConfigurationPlatforms) = postSolution
		{3D316460-2E91-4A4C-B0B9-AD6384BD4060}.Debug|Any CPU.ActiveCfg = Debug|Any CPU
		{3D316460-2E91-4A4C-B0B9-AD6384BD4060}.Debug|Any CPU.Build.0 = Debug|Any CPU
		{3D316460-2E91-4A4C-B0B9-AD6384BD4060}.Release|Any CPU.ActiveCfg = Release|Any CPU
		{3D316460-2E91-4A4C-B0B9-AD6384BD4060}.Release|Any CPU.Build.0 = Release|Any CPU
		{8185212A-B915-4BF3-8944-AC714FF3F456}.Debug|Any CPU.ActiveCfg = Debug|Any CPU
		{8185212A-B915-4BF3-8944-AC714FF3F456}.Debug|Any CPU.Build.0 = Debug|Any CPU
		{8185212A-B915-4BF3-8944-AC714FF3F456}.Release|Any CPU.ActiveCfg = Release|Any CPU
		{8185212A-B915-4BF3-8944-AC714FF3F456}.Release|Any CPU.Build.0 = Release|Any CPU
	EndGlobalSection
	GlobalSection(SolutionProperties) = preSolution
		HideSolutionNode = FALSE
	EndGlobalSection
	GlobalSection(ExtensibilityGlobals) = postSolution
		SolutionGuid = {CFB912C5-102A-4807-8DAB-15FDEFE55016}
	EndGlobalSection
EndGlobal
